
Microsoft Visual Studio Solution File, Format Version 12.00
# Visual Studio Version 17
VisualStudioVersion = 17.9.34728.123
MinimumVisualStudioVersion = 10.0.40219.1
Project("{FAE04EC0-301F-11D3-BF4B-00C04F79EFBC}") = "BankWebApplication", "BankWebApplication\BankWebApplication.csproj", "{AB8738E8-7D97-4A5C-8F6F-CF6D7D8920B6}"
EndProject
Global
	GlobalSection(SolutionConfigurationPlatforms) = preSolution
		Debug|Any CPU = Debug|Any CPU
		Release|Any CPU = Release|Any CPU
	EndGlobalSection
	GlobalSection(ProjectConfigurationPlatforms) = postSolution
		{AB8738E8-7D97-4A5C-8F6F-CF6D7D8920B6}.Debug|Any CPU.ActiveCfg = Debug|Any CPU
		{AB8738E8-7D97-4A5C-8F6F-CF6D7D8920B6}.Debug|Any CPU.Build.0 = Debug|Any CPU
		{AB8738E8-7D97-4A5C-8F6F-CF6D7D8920B6}.Release|Any CPU.ActiveCfg = Release|Any CPU
		{AB8738E8-7D97-4A5C-8F6F-CF6D7D8920B6}.Release|Any CPU.Build.0 = Release|Any CPU
	EndGlobalSection
	GlobalSection(SolutionProperties) = preSolution
		HideSolutionNode = FALSE
	EndGlobalSection
	GlobalSection(ExtensibilityGlobals) = postSolution
		SolutionGuid = {F7732B27-4066-43EB-8090-E76FF09BB91D}
	EndGlobalSection
EndGlobal
